
Microsoft Visual Studio Solution File, Format Version 12.00
# Visual Studio Version 16
VisualStudioVersion = 16.0.30523.141
MinimumVisualStudioVersion = 10.0.40219.1
Project("{FAE04EC0-301F-11D3-BF4B-00C04F79EFBC}") = "Proiect_Web_Denisa_Boca", "Proiect_Web_Denisa_Boca.csproj", "{286BF6BC-8590-4A6B-BC14-5491CDEAE715}"
EndProject
Global
	GlobalSection(SolutionConfigurationPlatforms) = preSolution
		Debug|Any CPU = Debug|Any CPU
		Release|Any CPU = Release|Any CPU
	EndGlobalSection
	GlobalSection(ProjectConfigurationPlatforms) = postSolution
		{286BF6BC-8590-4A6B-BC14-5491CDEAE715}.Debug|Any CPU.ActiveCfg = Debug|Any CPU
		{286BF6BC-8590-4A6B-BC14-5491CDEAE715}.Debug|Any CPU.Build.0 = Debug|Any CPU
		{286BF6BC-8590-4A6B-BC14-5491CDEAE715}.Release|Any CPU.ActiveCfg = Release|Any CPU
		{286BF6BC-8590-4A6B-BC14-5491CDEAE715}.Release|Any CPU.Build.0 = Release|Any CPU
	EndGlobalSection
	GlobalSection(SolutionProperties) = preSolution
		HideSolutionNode = FALSE
	EndGlobalSection
	GlobalSection(ExtensibilityGlobals) = postSolution
		SolutionGuid = {7D803961-887C-433C-B68C-2C2F5467920B}
	EndGlobalSection
EndGlobal
